
Microsoft Visual Studio Solution File, Format Version 12.00
# Visual Studio 15
VisualStudioVersion = 15.0.28307.1209
MinimumVisualStudioVersion = 10.0.40219.1
Project("{FAE04EC0-301F-11D3-BF4B-00C04F79EFBC}") = "Angular_API", "Angular_API\Angular_API.csproj", "{80AF4DA5-71ED-48AC-899A-48E3DE3A7338}"
EndProject
Global
	GlobalSection(SolutionConfigurationPlatforms) = preSolution
		Debug|Any CPU = Debug|Any CPU
		Release|Any CPU = Release|Any CPU
	EndGlobalSection
	GlobalSection(ProjectConfigurationPlatforms) = postSolution
		{80AF4DA5-71ED-48AC-899A-48E3DE3A7338}.Debug|Any CPU.ActiveCfg = Debug|Any CPU
		{80AF4DA5-71ED-48AC-899A-48E3DE3A7338}.Debug|Any CPU.Build.0 = Debug|Any CPU
		{80AF4DA5-71ED-48AC-899A-48E3DE3A7338}.Release|Any CPU.ActiveCfg = Release|Any CPU
		{80AF4DA5-71ED-48AC-899A-48E3DE3A7338}.Release|Any CPU.Build.0 = Release|Any CPU
	EndGlobalSection
	GlobalSection(SolutionProperties) = preSolution
		HideSolutionNode = FALSE
	EndGlobalSection
	GlobalSection(ExtensibilityGlobals) = postSolution
		SolutionGuid = {1141C6A9-C937-4D59-9F2A-420A37314689}
	EndGlobalSection
EndGlobal
